
Microsoft Visual Studio Solution File, Format Version 12.00
# Visual Studio Version 17
VisualStudioVersion = 17.0.31903.59
MinimumVisualStudioVersion = 10.0.40219.1
Project("{FAE04EC0-301F-11D3-BF4B-00C04F79EFBC}") = "ConsoleUI", "ConsoleUI\ConsoleUI.csproj", "{6BD3A72A-5439-4F39-A7C7-934C9414D634}"
EndProject
Project("{FAE04EC0-301F-11D3-BF4B-00C04F79EFBC}") = "GuestBookLibrary", "GuestBookLibrary\GuestBookLibrary.csproj", "{8CEB1968-4E1E-4A8F-AADE-0DEC76D613A5}"
EndProject
Global
	GlobalSection(SolutionConfigurationPlatforms) = preSolution
		Debug|Any CPU = Debug|Any CPU
		Release|Any CPU = Release|Any CPU
	EndGlobalSection
	GlobalSection(SolutionProperties) = preSolution
		HideSolutionNode = FALSE
	EndGlobalSection
	GlobalSection(ProjectConfigurationPlatforms) = postSolution
		{6BD3A72A-5439-4F39-A7C7-934C9414D634}.Debug|Any CPU.ActiveCfg = Debug|Any CPU
		{6BD3A72A-5439-4F39-A7C7-934C9414D634}.Debug|Any CPU.Build.0 = Debug|Any CPU
		{6BD3A72A-5439-4F39-A7C7-934C9414D634}.Release|Any CPU.ActiveCfg = Release|Any CPU
		{6BD3A72A-5439-4F39-A7C7-934C9414D634}.Release|Any CPU.Build.0 = Release|Any CPU
		{8CEB1968-4E1E-4A8F-AADE-0DEC76D613A5}.Debug|Any CPU.ActiveCfg = Debug|Any CPU
		{8CEB1968-4E1E-4A8F-AADE-0DEC76D613A5}.Debug|Any CPU.Build.0 = Debug|Any CPU
		{8CEB1968-4E1E-4A8F-AADE-0DEC76D613A5}.Release|Any CPU.ActiveCfg = Release|Any CPU
		{8CEB1968-4E1E-4A8F-AADE-0DEC76D613A5}.Release|Any CPU.Build.0 = Release|Any CPU
	EndGlobalSection
EndGlobal
