
Microsoft Visual Studio Solution File, Format Version 12.00
# Visual Studio Version 17
VisualStudioVersion = 17.7.34221.43
MinimumVisualStudioVersion = 10.0.40219.1
Project("{FAE04EC0-301F-11D3-BF4B-00C04F79EFBC}") = "WinFormsMiniProject", "WinFormsMiniProject\WinFormsMiniProject.csproj", "{071C2819-FA93-4A3A-BCE6-6BD5122FD493}"
EndProject
Project("{FAE04EC0-301F-11D3-BF4B-00C04F79EFBC}") = "DemoLibrary", "DemoLibrary\DemoLibrary.csproj", "{B029337A-3630-4725-9DC6-838F8B8CC61F}"
EndProject
Global
	GlobalSection(SolutionConfigurationPlatforms) = preSolution
		Debug|Any CPU = Debug|Any CPU
		Release|Any CPU = Release|Any CPU
	EndGlobalSection
	GlobalSection(ProjectConfigurationPlatforms) = postSolution
		{071C2819-FA93-4A3A-BCE6-6BD5122FD493}.Debug|Any CPU.ActiveCfg = Debug|Any CPU
		{071C2819-FA93-4A3A-BCE6-6BD5122FD493}.Debug|Any CPU.Build.0 = Debug|Any CPU
		{071C2819-FA93-4A3A-BCE6-6BD5122FD493}.Release|Any CPU.ActiveCfg = Release|Any CPU
		{071C2819-FA93-4A3A-BCE6-6BD5122FD493}.Release|Any CPU.Build.0 = Release|Any CPU
		{B029337A-3630-4725-9DC6-838F8B8CC61F}.Debug|Any CPU.ActiveCfg = Debug|Any CPU
		{B029337A-3630-4725-9DC6-838F8B8CC61F}.Debug|Any CPU.Build.0 = Debug|Any CPU
		{B029337A-3630-4725-9DC6-838F8B8CC61F}.Release|Any CPU.ActiveCfg = Release|Any CPU
		{B029337A-3630-4725-9DC6-838F8B8CC61F}.Release|Any CPU.Build.0 = Release|Any CPU
	EndGlobalSection
	GlobalSection(SolutionProperties) = preSolution
		HideSolutionNode = FALSE
	EndGlobalSection
	GlobalSection(ExtensibilityGlobals) = postSolution
		SolutionGuid = {1E77F71C-66B4-4521-A40F-FE34508EBED2}
	EndGlobalSection
EndGlobal
